# THIS IS AN AUTOGENERATED FILE. DO NOT EDIT THIS FILE DIRECTLY.
# yarn lockfile v1


"@bufbuild/protobuf@^2.5.0":
  version "2.11.0"
  resolved "https://registry.npmjs.org/@bufbuild/protobuf/-/protobuf-2.11.0.tgz"
  integrity sha512-sBXGT13cpmPR5BMgHE6UEEfEaShh5Ror6rfN3yEK5si7QVrtZg8LEPQb0VVhiLRUslD2yLnXtnRzG035J/mZXQ==

"@esbuild/linux-x64@0.21.5":
  version "0.21.5"
  resolved "https://registry.npmjs.org/@esbuild/linux-x64/-/linux-x64-0.21.5.tgz"
  integrity sha512-1rYdTpyv03iycF1+BhzrzQJCdOuAOtaqHTWJZCWvijKD2N5Xu0TtVC8/+1faWqcP9iBCWOmjmhoH94dH82BxPQ==

"@lit-labs/ssr-dom-shim@^1.5.0":
  version "1.5.1"
  resolved "https://registry.npmjs.org/@lit-labs/ssr-dom-shim/-/ssr-dom-shim-1.5.1.tgz"
  integrity sha512-Aou5UdlSpr5whQe8AA/bZG0jMj96CoJIWbGfZ91qieWu5AWUMKw8VR/pAkQkJYvBNhmCcWnZlyyk5oze8JIqYA==

"@lit/reactive-element@^2.1.0":
  version "2.1.2"
  resolved "https://registry.npmjs.org/@lit/reactive-element/-/reactive-element-2.1.2.tgz"
  integrity sha512-pbCDiVMnne1lYUIaYNN5wrwQXDtHaYtg7YEFPeW+hws6U47WeFvISGUWekPGKWOP1ygrs0ef0o1VJMk1exos5A==
  dependencies:
    "@lit-labs/ssr-dom-shim" "^1.5.0"

"@parcel/watcher-linux-x64-glibc@2.5.6":
  version "2.5.6"
  resolved "https://registry.npmjs.org/@parcel/watcher-linux-x64-glibc/-/watcher-linux-x64-glibc-2.5.6.tgz"
  integrity sha512-kbT5wvNQlx7NaGjzPFu8nVIW1rWqV780O7ZtkjuWaPUgpv2NMFpjYERVi0UYj1msZNyCzGlaCWEtzc+exjMGbQ==

"@parcel/watcher-linux-x64-musl@2.5.6":
  version "2.5.6"
  resolved "https://registry.npmjs.org/@parcel/watcher-linux-x64-musl/-/watcher-linux-x64-musl-2.5.6.tgz"
  integrity sha512-1JRFeC+h7RdXwldHzTsmdtYR/Ku8SylLgTU/reMuqdVD7CtLwf0VR1FqeprZ0eHQkO0vqsbvFLXUmYm/uNKJBg==

"@parcel/watcher@^2.4.1":
  version "2.5.6"
  resolved "https://registry.npmjs.org/@parcel/watcher/-/watcher-2.5.6.tgz"
  integrity sha512-tmmZ3lQxAe/k/+rNnXQRawJ4NjxO2hqiOLTHvWchtGZULp4RyFeh6aU4XdOYBFe2KE1oShQTv4AblOs2iOrNnQ==
  dependencies:
    detect-libc "^2.0.3"
    is-glob "^4.0.3"
    node-addon-api "^7.0.0"
    picomatch "^4.0.3"
  optionalDependencies:
    "@parcel/watcher-android-arm64" "2.5.6"
    "@parcel/watcher-darwin-arm64" "2.5.6"
    "@parcel/watcher-darwin-x64" "2.5.6"
    "@parcel/watcher-freebsd-x64" "2.5.6"
    "@parcel/watcher-linux-arm-glibc" "2.5.6"
    "@parcel/watcher-linux-arm-musl" "2.5.6"
    "@parcel/watcher-linux-arm64-glibc" "2.5.6"
    "@parcel/watcher-linux-arm64-musl" "2.5.6"
    "@parcel/watcher-linux-x64-glibc" "2.5.6"
    "@parcel/watcher-linux-x64-musl" "2.5.6"
    "@parcel/watcher-win32-arm64" "2.5.6"
    "@parcel/watcher-win32-ia32" "2.5.6"
    "@parcel/watcher-win32-x64" "2.5.6"

"@rollup/rollup-linux-x64-gnu@4.55.3":
  version "4.55.3"
  resolved "https://registry.npmjs.org/@rollup/rollup-linux-x64-gnu/-/rollup-linux-x64-gnu-4.55.3.tgz"
  integrity sha512-+fgJE12FZMIgBaKIAGd45rxf+5ftcycANJRWk8Vz0NnMTM5rADPGuRFTYar+Mqs560xuART7XsX2lSACa1iOmQ==

"@rollup/rollup-linux-x64-musl@4.55.3":
  version "4.55.3"
  resolved "https://registry.npmjs.org/@rollup/rollup-linux-x64-musl/-/rollup-linux-x64-musl-4.55.3.tgz"
  integrity sha512-tMD7NnbAolWPzQlJQJjVFh/fNH3K/KnA7K8gv2dJWCwwnaK6DFCYST1QXYWfu5V0cDwarWC8Sf/cfMHniNq21A==

"@types/estree@1.0.8":
  version "1.0.8"
  resolved "https://registry.npmjs.org/@types/estree/-/estree-1.0.8.tgz"
  integrity sha512-dWHzHa2WqEXI/O1E9OjrocMTKJl2mSrEolh1Iomrv6U+JuNwaHXsXx9bLu5gG7BUWFIN0skIQJQ/L1rIex4X6w==

"@types/trusted-types@^2.0.2":
  version "2.0.7"
  resolved "https://registry.npmjs.org/@types/trusted-types/-/trusted-types-2.0.7.tgz"
  integrity sha512-ScaPdn1dQczgbl0QFTeTOmVHFULt394XJgOQNoyVhZ6r2vLnMLJfBPd53SB52T/3G36VI1/g2MZaX0cwDuXsfw==

chokidar@^4.0.0:
  version "4.0.3"
  resolved "https://registry.npmjs.org/chokidar/-/chokidar-4.0.3.tgz"
  integrity sha512-Qgzu8kfBvo+cA4962jnP1KkS6Dop5NS6g7R5LFYJr4b8Ub94PPQXUksCw9PvXoeXPRRddRNC5C1JQUR2SMGtnA==
  dependencies:
    readdirp "^4.0.1"

colorjs.io@^0.5.0:
  version "0.5.2"
  resolved "https://registry.npmjs.org/colorjs.io/-/colorjs.io-0.5.2.tgz"
  integrity sha512-twmVoizEW7ylZSN32OgKdXRmo1qg+wT5/6C3xu5b9QsWzSFAhHLn2xd8ro0diCsKfCj1RdaTP/nrcW+vAoQPIw==

detect-libc@^2.0.3:
  version "2.1.2"
  resolved "https://registry.npmjs.org/detect-libc/-/detect-libc-2.1.2.tgz"
  integrity sha512-Btj2BOOO83o3WyH59e8MgXsxEQVcarkUOpEYrubB0urwnN10yQ364rsiByU11nZlqWYZm05i/of7io4mzihBtQ==

esbuild@^0.21.3:
  version "0.21.5"
  resolved "https://registry.npmjs.org/esbuild/-/esbuild-0.21.5.tgz"
  integrity sha512-mg3OPMV4hXywwpoDxu3Qda5xCKQi+vCTZq8S9J/EpkhB2HzKXq4SNFZE3+NK93JYxc8VMSep+lOUSC/RVKaBqw==
  optionalDependencies:
    "@esbuild/aix-ppc64" "0.21.5"
    "@esbuild/android-arm" "0.21.5"
    "@esbuild/android-arm64" "0.21.5"
    "@esbuild/android-x64" "0.21.5"
    "@esbuild/darwin-arm64" "0.21.5"
    "@esbuild/darwin-x64" "0.21.5"
    "@esbuild/freebsd-arm64" "0.21.5"
    "@esbuild/freebsd-x64" "0.21.5"
    "@esbuild/linux-arm" "0.21.5"
    "@esbuild/linux-arm64" "0.21.5"
    "@esbuild/linux-ia32" "0.21.5"
    "@esbuild/linux-loong64" "0.21.5"
    "@esbuild/linux-mips64el" "0.21.5"
    "@esbuild/linux-ppc64" "0.21.5"
    "@esbuild/linux-riscv64" "0.21.5"
    "@esbuild/linux-s390x" "0.21.5"
    "@esbuild/linux-x64" "0.21.5"
    "@esbuild/netbsd-x64" "0.21.5"
    "@esbuild/openbsd-x64" "0.21.5"
    "@esbuild/sunos-x64" "0.21.5"
    "@esbuild/win32-arm64" "0.21.5"
    "@esbuild/win32-ia32" "0.21.5"
    "@esbuild/win32-x64" "0.21.5"

has-flag@^4.0.0:
  version "4.0.0"
  resolved "https://registry.npmjs.org/has-flag/-/has-flag-4.0.0.tgz"
  integrity sha512-EykJT/Q1KjTWctppgIAgfSO0tKVuZUjhgMr17kqTumMl6Afv3EISleU7qZUzoXDFTAHTDC4NOoG/ZxU3EvlMPQ==

immutable@^5.1.5:
  version "5.1.5"
  resolved "https://registry.npmjs.org/immutable/-/immutable-5.1.5.tgz"
  integrity sha512-t7xcm2siw+hlUM68I+UEOK+z84RzmN59as9DZ7P1l0994DKUWV7UXBMQZVxaoMSRQ+PBZbHCOoBt7a2wxOMt+A==

is-extglob@^2.1.1:
  version "2.1.1"
  resolved "https://registry.npmjs.org/is-extglob/-/is-extglob-2.1.1.tgz"
  integrity sha512-SbKbANkN603Vi4jEZv49LeVJMn4yGwsbzZworEoyEiutsN3nJYdbO36zfhGJ6QEDpOZIFkDtnq5JRxmvl3jsoQ==

is-glob@^4.0.3:
  version "4.0.3"
  resolved "https://registry.npmjs.org/is-glob/-/is-glob-4.0.3.tgz"
  integrity sha512-xelSayHH36ZgE7ZWhli7pW34hNbNl8Ojv5KVmkJD4hBdD3th8Tfk9vYasLM+mXWOZhFkgZfxhLSnrwRr4elSSg==
  dependencies:
    is-extglob "^2.1.1"

lit-element@^4.2.0:
  version "4.2.2"
  resolved "https://registry.npmjs.org/lit-element/-/lit-element-4.2.2.tgz"
  integrity sha512-aFKhNToWxoyhkNDmWZwEva2SlQia+jfG0fjIWV//YeTaWrVnOxD89dPKfigCUspXFmjzOEUQpOkejH5Ly6sG0w==
  dependencies:
    "@lit-labs/ssr-dom-shim" "^1.5.0"
    "@lit/reactive-element" "^2.1.0"
    lit-html "^3.3.0"

lit-html@^3.3.0:
  version "3.3.2"
  resolved "https://registry.npmjs.org/lit-html/-/lit-html-3.3.2.tgz"
  integrity sha512-Qy9hU88zcmaxBXcc10ZpdK7cOLXvXpRoBxERdtqV9QOrfpMZZ6pSYP91LhpPtap3sFMUiL7Tw2RImbe0Al2/kw==
  dependencies:
    "@types/trusted-types" "^2.0.2"

lit@^3.1.0:
  version "3.3.2"
  resolved "https://registry.npmjs.org/lit/-/lit-3.3.2.tgz"
  integrity sha512-NF9zbsP79l4ao2SNrH3NkfmFgN/hBYSQo90saIVI1o5GpjAdCPVstVzO1MrLOakHoEhYkrtRjPK6Ob521aoYWQ==
  dependencies:
    "@lit/reactive-element" "^2.1.0"
    lit-element "^4.2.0"
    lit-html "^3.3.0"

nanoid@^3.3.11:
  version "3.3.11"
  resolved "https://registry.npmjs.org/nanoid/-/nanoid-3.3.11.tgz"
  integrity sha512-N8SpfPUnUp1bK+PMYW8qSWdl9U+wwNWI4QKxOYDy9JAro3WMX7p2OeVRF9v+347pnakNevPmiHhNmZ2HbFA76w==

node-addon-api@^7.0.0:
  version "7.1.1"
  resolved "https://registry.npmjs.org/node-addon-api/-/node-addon-api-7.1.1.tgz"
  integrity sha512-5m3bsyrjFWE1xf7nz7YXdN4udnVtXK6/Yfgn5qnahL6bCkf2yKt4k3nuTKAtT4r3IG8JNR2ncsIMdZuAzJjHQQ==

picocolors@^1.1.1:
  version "1.1.1"
  resolved "https://registry.npmjs.org/picocolors/-/picocolors-1.1.1.tgz"
  integrity sha512-xceH2snhtb5M9liqDsmEw56le376mTZkEX/jEb/RxNFyegNul7eNslCXP9FDj/Lcu0X8KEyMceP2ntpaHrDEVA==

picomatch@^4.0.3:
  version "4.0.4"
  resolved "https://registry.npmjs.org/picomatch/-/picomatch-4.0.4.tgz"
  integrity sha512-QP88BAKvMam/3NxH6vj2o21R6MjxZUAd6nlwAS/pnGvN9IVLocLHxGYIzFhg6fUQ+5th6P4dv4eW9jX3DSIj7A==

postcss@^8.4.43:
  version "8.5.6"
  resolved "https://registry.npmjs.org/postcss/-/postcss-8.5.6.tgz"
  integrity sha512-3Ybi1tAuwAP9s0r1UQ2J4n5Y0G05bJkpUIO0/bI9MhwmD70S5aTWbXGBwxHrelT+XM1k6dM0pk+SwNkpTRN7Pg==
  dependencies:
    nanoid "^3.3.11"
    picocolors "^1.1.1"
    source-map-js "^1.2.1"

readdirp@^4.0.1:
  version "4.1.2"
  resolved "https://registry.npmjs.org/readdirp/-/readdirp-4.1.2.tgz"
  integrity sha512-GDhwkLfywWL2s6vEjyhri+eXmfH6j1L7JE27WhqLeYzoh/A3DBaYGEj2H/HFZCn/kMfim73FXxEJTw06WtxQwg==

rollup@^4.20.0:
  version "4.55.3"
  resolved "https://registry.npmjs.org/rollup/-/rollup-4.55.3.tgz"
  integrity sha512-y9yUpfQvetAjiDLtNMf1hL9NXchIJgWt6zIKeoB+tCd3npX08Eqfzg60V9DhIGVMtQ0AlMkFw5xa+AQ37zxnAA==
  dependencies:
    "@types/estree" "1.0.8"
  optionalDependencies:
    "@rollup/rollup-android-arm-eabi" "4.55.3"
    "@rollup/rollup-android-arm64" "4.55.3"
    "@rollup/rollup-darwin-arm64" "4.55.3"
    "@rollup/rollup-darwin-x64" "4.55.3"
    "@rollup/rollup-freebsd-arm64" "4.55.3"
    "@rollup/rollup-freebsd-x64" "4.55.3"
    "@rollup/rollup-linux-arm-gnueabihf" "4.55.3"
    "@rollup/rollup-linux-arm-musleabihf" "4.55.3"
    "@rollup/rollup-linux-arm64-gnu" "4.55.3"
    "@rollup/rollup-linux-arm64-musl" "4.55.3"
    "@rollup/rollup-linux-loong64-gnu" "4.55.3"
    "@rollup/rollup-linux-loong64-musl" "4.55.3"
    "@rollup/rollup-linux-ppc64-gnu" "4.55.3"
    "@rollup/rollup-linux-ppc64-musl" "4.55.3"
    "@rollup/rollup-linux-riscv64-gnu" "4.55.3"
    "@rollup/rollup-linux-riscv64-musl" "4.55.3"
    "@rollup/rollup-linux-s390x-gnu" "4.55.3"
    "@rollup/rollup-linux-x64-gnu" "4.55.3"
    "@rollup/rollup-linux-x64-musl" "4.55.3"
    "@rollup/rollup-openbsd-x64" "4.55.3"
    "@rollup/rollup-openharmony-arm64" "4.55.3"
    "@rollup/rollup-win32-arm64-msvc" "4.55.3"
    "@rollup/rollup-win32-ia32-msvc" "4.55.3"
    "@rollup/rollup-win32-x64-gnu" "4.55.3"
    "@rollup/rollup-win32-x64-msvc" "4.55.3"
    fsevents "~2.3.2"

rxjs@^7.4.0:
  version "7.8.2"
  resolved "https://registry.npmjs.org/rxjs/-/rxjs-7.8.2.tgz"
  integrity sha512-dhKf903U/PQZY6boNNtAGdWbG85WAbjT/1xYoZIC7FAY0yWapOBQVsVrDl58W86//e1VpMNBtRV4MaXfdMySFA==
  dependencies:
    tslib "^2.1.0"

sass-embedded-linux-musl-x64@1.98.0:
  version "1.98.0"
  resolved "https://registry.npmjs.org/sass-embedded-linux-musl-x64/-/sass-embedded-linux-musl-x64-1.98.0.tgz"
  integrity sha512-QikNyDEJOVqPmxyCFkci8ZdCwEssdItfjQFJB+D+Uy5HFqcS5Lv3d3GxWNX/h1dSb23RPyQdQc267ok5SbEyJw==

sass-embedded-linux-x64@1.98.0:
  version "1.98.0"
  resolved "https://registry.npmjs.org/sass-embedded-linux-x64/-/sass-embedded-linux-x64-1.98.0.tgz"
  integrity sha512-VsvP0t/uw00mMNPv3vwyYKUrFbqzxQHnRMO+bHdAMjvLw4NFf6mscpym9Bzf+NXwi1ZNKnB6DtXjmcpcvqFqYg==

sass-embedded@*, sass-embedded@^1.98.0:
  version "1.98.0"
  resolved "https://registry.npmjs.org/sass-embedded/-/sass-embedded-1.98.0.tgz"
  integrity sha512-Do7u6iRb6K+lrllcTkB1BXcHwOxcKe3rEfOF/GcCLE2w3WpddakRAosJOHFUR37DpsvimQXEt5abs3NzUjEIqg==
  dependencies:
    "@bufbuild/protobuf" "^2.5.0"
    colorjs.io "^0.5.0"
    immutable "^5.1.5"
    rxjs "^7.4.0"
    supports-color "^8.1.1"
    sync-child-process "^1.0.2"
    varint "^6.0.0"
  optionalDependencies:
    sass-embedded-all-unknown "1.98.0"
    sass-embedded-android-arm "1.98.0"
    sass-embedded-android-arm64 "1.98.0"
    sass-embedded-android-riscv64 "1.98.0"
    sass-embedded-android-x64 "1.98.0"
    sass-embedded-darwin-arm64 "1.98.0"
    sass-embedded-darwin-x64 "1.98.0"
    sass-embedded-linux-arm "1.98.0"
    sass-embedded-linux-arm64 "1.98.0"
    sass-embedded-linux-musl-arm "1.98.0"
    sass-embedded-linux-musl-arm64 "1.98.0"
    sass-embedded-linux-musl-riscv64 "1.98.0"
    sass-embedded-linux-musl-x64 "1.98.0"
    sass-embedded-linux-riscv64 "1.98.0"
    sass-embedded-linux-x64 "1.98.0"
    sass-embedded-unknown-all "1.98.0"
    sass-embedded-win32-arm64 "1.98.0"
    sass-embedded-win32-x64 "1.98.0"

sass@*:
  version "1.98.0"
  resolved "https://registry.npmjs.org/sass/-/sass-1.98.0.tgz"
  integrity sha512-+4N/u9dZ4PrgzGgPlKnaaRQx64RO0JBKs9sDhQ2pLgN6JQZ25uPQZKQYaBJU48Kd5BxgXoJ4e09Dq7nMcOUW3A==
  dependencies:
    chokidar "^4.0.0"
    immutable "^5.1.5"
    source-map-js ">=0.6.2 <2.0.0"
  optionalDependencies:
    "@parcel/watcher" "^2.4.1"

source-map-js@^1.2.1, "source-map-js@>=0.6.2 <2.0.0":
  version "1.2.1"
  resolved "https://registry.npmjs.org/source-map-js/-/source-map-js-1.2.1.tgz"
  integrity sha512-UXWMKhLOwVKb728IUtQPXxfYU+usdybtUrK/8uGE8CQMvrhOpwvzDBwj0QhSL7MQc7vIsISBG8VQ8+IDQxpfQA==

supports-color@^8.1.1:
  version "8.1.1"
  resolved "https://registry.npmjs.org/supports-color/-/supports-color-8.1.1.tgz"
  integrity sha512-MpUEN2OodtUzxvKQl72cUF7RQ5EiHsGvSsVG0ia9c5RbWGL2CI4C7EpPS8UTBIplnlzZiNuV56w+FuNxy3ty2Q==
  dependencies:
    has-flag "^4.0.0"

sync-child-process@^1.0.2:
  version "1.0.2"
  resolved "https://registry.npmjs.org/sync-child-process/-/sync-child-process-1.0.2.tgz"
  integrity sha512-8lD+t2KrrScJ/7KXCSyfhT3/hRq78rC0wBFqNJXv3mZyn6hW2ypM05JmlSvtqRbeq6jqA94oHbxAr2vYsJ8vDA==
  dependencies:
    sync-message-port "^1.0.0"

sync-message-port@^1.0.0:
  version "1.2.0"
  resolved "https://registry.npmjs.org/sync-message-port/-/sync-message-port-1.2.0.tgz"
  integrity sha512-gAQ9qrUN/UCypHtGFbbe7Rc/f9bzO88IwrG8TDo/aMKAApKyD6E3W4Cm0EfhfBb6Z6SKt59tTCTfD+n1xmAvMg==

tslib@^2.1.0:
  version "2.8.1"
  resolved "https://registry.npmjs.org/tslib/-/tslib-2.8.1.tgz"
  integrity sha512-oJFu94HQb+KVduSUQL7wnpmqnfmLsOA/nAh6b6EH0wCEoK0/mPeXU6c3wKDV83MkOuHPRHtSXKKU99IBazS/2w==

varint@^6.0.0:
  version "6.0.0"
  resolved "https://registry.npmjs.org/varint/-/varint-6.0.0.tgz"
  integrity sha512-cXEIW6cfr15lFv563k4GuVuW/fiwjknytD37jIOLSdSWuOI6WnO/oKwmP2FQTU2l01LP8/M5TSAJpzUaGe3uWg==

vite@^5.0.0:
  version "5.4.21"
  resolved "https://registry.npmjs.org/vite/-/vite-5.4.21.tgz"
  integrity sha512-o5a9xKjbtuhY6Bi5S3+HvbRERmouabWbyUcpXXUA1u+GNUKoROi9byOJ8M0nHbHYHkYICiMlqxkg1KkYmm25Sw==
  dependencies:
    esbuild "^0.21.3"
    postcss "^8.4.43"
    rollup "^4.20.0"
  optionalDependencies:
    fsevents "~2.3.3"
